
Microsoft Visual Studio Solution File, Format Version 12.00
# Visual Studio Version 17
VisualStudioVersion = 17.2.32616.157
MinimumVisualStudioVersion = 10.0.40219.1
Project("{FAE04EC0-301F-11D3-BF4B-00C04F79EFBC}") = "Laba 1", "Laba 1\Laba 1.csproj", "{31E2FD2E-FFAD-41D7-9DC1-5D59811B4BB2}"
EndProject
Global
	GlobalSection(SolutionConfigurationPlatforms) = preSolution
		Debug|Any CPU = Debug|Any CPU
		Release|Any CPU = Release|Any CPU
	EndGlobalSection
	GlobalSection(ProjectConfigurationPlatforms) = postSolution
		{31E2FD2E-FFAD-41D7-9DC1-5D59811B4BB2}.Debug|Any CPU.ActiveCfg = Debug|Any CPU
		{31E2FD2E-FFAD-41D7-9DC1-5D59811B4BB2}.Debug|Any CPU.Build.0 = Debug|Any CPU
		{31E2FD2E-FFAD-41D7-9DC1-5D59811B4BB2}.Release|Any CPU.ActiveCfg = Release|Any CPU
		{31E2FD2E-FFAD-41D7-9DC1-5D59811B4BB2}.Release|Any CPU.Build.0 = Release|Any CPU
	EndGlobalSection
	GlobalSection(SolutionProperties) = preSolution
		HideSolutionNode = FALSE
	EndGlobalSection
	GlobalSection(ExtensibilityGlobals) = postSolution
		SolutionGuid = {6E6261A4-76D8-46BB-895D-9063ACF30B05}
	EndGlobalSection
EndGlobal
